// !$*UTF8*$!
{
	archiveVersion = 1;
	classes = {
	};
	objectVersion = 55;
	objects = {

/* Begin PBXBuildFile section */
		A8D87BD62762A13100DC0E4F /* SwiftRTApp.swift in Sources */ = {isa = PBXBuildFile; fileRef = A8D87BD52762A13100DC0E4F /* SwiftRTApp.swift */; };
		A8D87BD82762A13100DC0E4F /* ContentView.swift in Sources */ = {isa = PBXBuildFile; fileRef = A8D87BD72762A13100DC0E4F /* ContentView.swift */; };
		A8D87BDA2762A13200DC0E4F /* Assets.xcassets in Resources */ = {isa = PBXBuildFile; fileRef = A8D87BD92762A13200DC0E4F /* Assets.xcassets */; };
		A8D87BDD2762A13200DC0E4F /* Preview Assets.xcassets in Resources */ = {isa = PBXBuildFile; fileRef = A8D87BDC2762A13200DC0E4F /* Preview Assets.xcassets */; };
		A8D87BE82762A13300DC0E4F /* SwiftRTTests.swift in Sources */ = {isa = PBXBuildFile; fileRef = A8D87BE72762A13300DC0E4F /* SwiftRTTests.swift */; };
		A8D87BF22762A13300DC0E4F /* SwiftRTUITests.swift in Sources */ = {isa = PBXBuildFile; fileRef = A8D87BF12762A13300DC0E4F /* SwiftRTUITests.swift */; };
		A8D87BF42762A13300DC0E4F /* SwiftRTUITestsLaunchTests.swift in Sources */ = {isa = PBXBuildFile; fileRef = A8D87BF32762A13300DC0E4F /* SwiftRTUITestsLaunchTests.swift */; };
		A8D87C012762BAA500DC0E4F /* Object.swift in Sources */ = {isa = PBXBuildFile; fileRef = A8D87C002762BAA500DC0E4F /* Object.swift */; };
		A8D87C042762BD3700DC0E4F /* Sphere.swift in Sources */ = {isa = PBXBuildFile; fileRef = A8D87C032762BD3700DC0E4F /* Sphere.swift */; };
		A8D87C062762BED100DC0E4F /* Vector3.swift in Sources */ = {isa = PBXBuildFile; fileRef = A8D87C052762BED100DC0E4F /* Vector3.swift */; };
/* End PBXBuildFile section */

/* Begin PBXContainerItemProxy section */
		A8D87BE42762A13300DC0E4F /* PBXContainerItemProxy */ = {
			isa = PBXContainerItemProxy;
			containerPortal = A8D87BCA2762A13100DC0E4F /* Project object */;
			proxyType = 1;
			remoteGlobalIDString = A8D87BD12762A13100DC0E4F;
			remoteInfo = SwiftRT;
		};
		A8D87BEE2762A13300DC0E4F /* PBXContainerItemProxy */ = {
			isa = PBXContainerItemProxy;
			containerPortal = A8D87BCA2762A13100DC0E4F /* Project object */;
			proxyType = 1;
			remoteGlobalIDString = A8D87BD12762A13100DC0E4F;
			remoteInfo = SwiftRT;
		};
/* End PBXContainerItemProxy section */

/* Begin PBXFileReference section */
		A8D87BD22762A13100DC0E4F /* SwiftRT.app */ = {isa = PBXFileReference; explicitFileType = wrapper.application; includeInIndex = 0; path = SwiftRT.app; sourceTree = BUILT_PRODUCTS_DIR; };
		A8D87BD52762A13100DC0E4F /* SwiftRTApp.swift */ = {isa = PBXFileReference; lastKnownFileType = sourcecode.swift; path = SwiftRTApp.swift; sourceTree = "<group>"; };
		A8D87BD72762A13100DC0E4F /* ContentView.swift */ = {isa = PBXFileReference; lastKnownFileType = sourcecode.swift; path = ContentView.swift; sourceTree = "<group>"; };
		A8D87BD92762A13200DC0E4F /* Assets.xcassets */ = {isa = PBXFileReference; lastKnownFileType = folder.assetcatalog; path = Assets.xcassets; sourceTree = "<group>"; };
		A8D87BDC2762A13200DC0E4F /* Preview Assets.xcassets */ = {isa = PBXFileReference; lastKnownFileType = folder.assetcatalog; path = "Preview Assets.xcassets"; sourceTree = "<group>"; };
		A8D87BDE2762A13200DC0E4F /* SwiftRT.entitlements */ = {isa = PBXFileReference; lastKnownFileType = text.plist.entitlements; path = SwiftRT.entitlements; sourceTree = "<group>"; };
		A8D87BE32762A13300DC0E4F /* SwiftRTTests.xctest */ = {isa = PBXFileReference; explicitFileType = wrapper.cfbundle; includeInIndex = 0; path = SwiftRTTests.xctest; sourceTree = BUILT_PRODUCTS_DIR; };
		A8D87BE72762A13300DC0E4F /* SwiftRTTests.swift */ = {isa = PBXFileReference; lastKnownFileType = sourcecode.swift; path = SwiftRTTests.swift; sourceTree = "<group>"; };
		A8D87BED2762A13300DC0E4F /* SwiftRTUITests.xctest */ = {isa = PBXFileReference; explicitFileType = wrapper.cfbundle; includeInIndex = 0; path = SwiftRTUITests.xctest; sourceTree = BUILT_PRODUCTS_DIR; };
		A8D87BF12762A13300DC0E4F /* SwiftRTUITests.swift */ = {isa = PBXFileReference; lastKnownFileType = sourcecode.swift; path = SwiftRTUITests.swift; sourceTree = "<group>"; };
		A8D87BF32762A13300DC0E4F /* SwiftRTUITestsLaunchTests.swift */ = {isa = PBXFileReference; lastKnownFileType = sourcecode.swift; path = SwiftRTUITestsLaunchTests.swift; sourceTree = "<group>"; };
		A8D87C002762BAA500DC0E4F /* Object.swift */ = {isa = PBXFileReference; lastKnownFileType = sourcecode.swift; path = Object.swift; sourceTree = "<group>"; };
		A8D87C032762BD3700DC0E4F /* Sphere.swift */ = {isa = PBXFileReference; lastKnownFileType = sourcecode.swift; path = Sphere.swift; sourceTree = "<group>"; };
		A8D87C052762BED100DC0E4F /* Vector3.swift */ = {isa = PBXFileReference; lastKnownFileType = sourcecode.swift; path = Vector3.swift; sourceTree = "<group>"; };
/* End PBXFileReference section */

/* Begin PBXFrameworksBuildPhase section */
		A8D87BCF2762A13100DC0E4F /* Frameworks */ = {
			isa = PBXFrameworksBuildPhase;
			buildActionMask = 2147483647;
			files = (
			);
			runOnlyForDeploymentPostprocessing = 0;
		};
		A8D87BE02762A13300DC0E4F /* Frameworks */ = {
			isa = PBXFrameworksBuildPhase;
			buildActionMask = 2147483647;
			files = (
			);
			runOnlyForDeploymentPostprocessing = 0;
		};
		A8D87BEA2762A13300DC0E4F /* Frameworks */ = {
			isa = PBXFrameworksBuildPhase;
			buildActionMask = 2147483647;
			files = (
			);
			runOnlyForDeploymentPostprocessing = 0;
		};
/* End PBXFrameworksBuildPhase section */

/* Begin PBXGroup section */
		A8D87BC92762A13100DC0E4F = {
			isa = PBXGroup;
			children = (
				A8D87BD42762A13100DC0E4F /* SwiftRT */,
				A8D87BE62762A13300DC0E4F /* SwiftRTTests */,
				A8D87BF02762A13300DC0E4F /* SwiftRTUITests */,
				A8D87BD32762A13100DC0E4F /* Products */,
			);
			sourceTree = "<group>";
		};
		A8D87BD32762A13100DC0E4F /* Products */ = {
			isa = PBXGroup;
			children = (
				A8D87BD22762A13100DC0E4F /* SwiftRT.app */,
				A8D87BE32762A13300DC0E4F /* SwiftRTTests.xctest */,
				A8D87BED2762A13300DC0E4F /* SwiftRTUITests.xctest */,
			);
			name = Products;
			sourceTree = "<group>";
		};
		A8D87BD42762A13100DC0E4F /* SwiftRT */ = {
			isa = PBXGroup;
			children = (
				A8D87C022762BD2400DC0E4F /* objects */,
				A8D87BD52762A13100DC0E4F /* SwiftRTApp.swift */,
				A8D87BD72762A13100DC0E4F /* ContentView.swift */,
				A8D87BD92762A13200DC0E4F /* Assets.xcassets */,
				A8D87BDE2762A13200DC0E4F /* SwiftRT.entitlements */,
				A8D87BDB2762A13200DC0E4F /* Preview Content */,
				A8D87C052762BED100DC0E4F /* Vector3.swift */,
			);
			path = SwiftRT;
			sourceTree = "<group>";
		};
		A8D87BDB2762A13200DC0E4F /* Preview Content */ = {
			isa = PBXGroup;
			children = (
				A8D87BDC2762A13200DC0E4F /* Preview Assets.xcassets */,
			);
			path = "Preview Content";
			sourceTree = "<group>";
		};
		A8D87BE62762A13300DC0E4F /* SwiftRTTests */ = {
			isa = PBXGroup;
			children = (
				A8D87BE72762A13300DC0E4F /* SwiftRTTests.swift */,
			);
			path = SwiftRTTests;
			sourceTree = "<group>";
		};
		A8D87BF02762A13300DC0E4F /* SwiftRTUITests */ = {
			isa = PBXGroup;
			children = (
				A8D87BF12762A13300DC0E4F /* SwiftRTUITests.swift */,
				A8D87BF32762A13300DC0E4F /* SwiftRTUITestsLaunchTests.swift */,
			);
			path = SwiftRTUITests;
			sourceTree = "<group>";
		};
		A8D87C022762BD2400DC0E4F /* objects */ = {
			isa = PBXGroup;
			children = (
				A8D87C002762BAA500DC0E4F /* Object.swift */,
				A8D87C032762BD3700DC0E4F /* Sphere.swift */,
			);
			path = objects;
			sourceTree = "<group>";
		};
/* End PBXGroup section */

/* Begin PBXNativeTarget section */
		A8D87BD12762A13100DC0E4F /* SwiftRT */ = {
			isa = PBXNativeTarget;
			buildConfigurationList = A8D87BF72762A13300DC0E4F /* Build configuration list for PBXNativeTarget "SwiftRT" */;
			buildPhases = (
				A8D87BCE2762A13100DC0E4F /* Sources */,
				A8D87BCF2762A13100DC0E4F /* Frameworks */,
				A8D87BD02762A13100DC0E4F /* Resources */,
			);
			buildRules = (
			);
			dependencies = (
			);
			name = SwiftRT;
			productName = SwiftRT;
			productReference = A8D87BD22762A13100DC0E4F /* SwiftRT.app */;
			productType = "com.apple.product-type.application";
		};
		A8D87BE22762A13300DC0E4F /* SwiftRTTests */ = {
			isa = PBXNativeTarget;
			buildConfigurationList = A8D87BFA2762A13300DC0E4F /* Build configuration list for PBXNativeTarget "SwiftRTTests" */;
			buildPhases = (
				A8D87BDF2762A13300DC0E4F /* Sources */,
				A8D87BE02762A13300DC0E4F /* Frameworks */,
				A8D87BE12762A13300DC0E4F /* Resources */,
			);
			buildRules = (
			);
			dependencies = (
				A8D87BE52762A13300DC0E4F /* PBXTargetDependency */,
			);
			name = SwiftRTTests;
			productName = SwiftRTTests;
			productReference = A8D87BE32762A13300DC0E4F /* SwiftRTTests.xctest */;
			productType = "com.apple.product-type.bundle.unit-test";
		};
		A8D87BEC2762A13300DC0E4F /* SwiftRTUITests */ = {
			isa = PBXNativeTarget;
			buildConfigurationList = A8D87BFD2762A13300DC0E4F /* Build configuration list for PBXNativeTarget "SwiftRTUITests" */;
			buildPhases = (
				A8D87BE92762A13300DC0E4F /* Sources */,
				A8D87BEA2762A13300DC0E4F /* Frameworks */,
				A8D87BEB2762A13300DC0E4F /* Resources */,
			);
			buildRules = (
			);
			dependencies = (
				A8D87BEF2762A13300DC0E4F /* PBXTargetDependency */,
			);
			name = SwiftRTUITests;
			productName = SwiftRTUITests;
			productReference = A8D87BED2762A13300DC0E4F /* SwiftRTUITests.xctest */;
			productType = "com.apple.product-type.bundle.ui-testing";
		};
/* End PBXNativeTarget section */

/* Begin PBXProject section */
		A8D87BCA2762A13100DC0E4F /* Project object */ = {
			isa = PBXProject;
			attributes = {
				BuildIndependentTargetsInParallel = 1;
				LastSwiftUpdateCheck = 1310;
				LastUpgradeCheck = 1310;
				TargetAttributes = {
					A8D87BD12762A13100DC0E4F = {
						CreatedOnToolsVersion = 13.1;
					};
					A8D87BE22762A13300DC0E4F = {
						CreatedOnToolsVersion = 13.1;
						TestTargetID = A8D87BD12762A13100DC0E4F;
					};
					A8D87BEC2762A13300DC0E4F = {
						CreatedOnToolsVersion = 13.1;
						TestTargetID = A8D87BD12762A13100DC0E4F;
					};
				};
			};
			buildConfigurationList = A8D87BCD2762A13100DC0E4F /* Build configuration list for PBXProject "SwiftRT" */;
			compatibilityVersion = "Xcode 13.0";
			developmentRegion = en;
			hasScannedForEncodings = 0;
			knownRegions = (
				en,
				Base,
			);
			mainGroup = A8D87BC92762A13100DC0E4F;
			productRefGroup = A8D87BD32762A13100DC0E4F /* Products */;
			projectDirPath = "";
			projectRoot = "";
			targets = (
				A8D87BD12762A13100DC0E4F /* SwiftRT */,
				A8D87BE22762A13300DC0E4F /* SwiftRTTests */,
				A8D87BEC2762A13300DC0E4F /* SwiftRTUITests */,
			);
		};
/* End PBXProject section */

/* Begin PBXResourcesBuildPhase section */
		A8D87BD02762A13100DC0E4F /* Resources */ = {
			isa = PBXResourcesBuildPhase;
			buildActionMask = 2147483647;
			files = (
				A8D87BDD2762A13200DC0E4F /* Preview Assets.xcassets in Resources */,
				A8D87BDA2762A13200DC0E4F /* Assets.xcassets in Resources */,
			);
			runOnlyForDeploymentPostprocessing = 0;
		};
		A8D87BE12762A13300DC0E4F /* Resources */ = {
			isa = PBXResourcesBuildPhase;
			buildActionMask = 2147483647;
			files = (
			);
			runOnlyForDeploymentPostprocessing = 0;
		};
		A8D87BEB2762A13300DC0E4F /* Resources */ = {
			isa = PBXResourcesBuildPhase;
			buildActionMask = 2147483647;
			files = (
			);
			runOnlyForDeploymentPostprocessing = 0;
		};
/* End PBXResourcesBuildPhase section */

/* Begin PBXSourcesBuildPhase section */
		A8D87BCE2762A13100DC0E4F /* Sources */ = {
			isa = PBXSourcesBuildPhase;
			buildActionMask = 2147483647;
			files = (
				A8D87BD82762A13100DC0E4F /* ContentView.swift in Sources */,
				A8D87C012762BAA500DC0E4F /* Object.swift in Sources */,
				A8D87C042762BD3700DC0E4F /* Sphere.swift in Sources */,
				A8D87C062762BED100DC0E4F /* Vector3.swift in Sources */,
				A8D87BD62762A13100DC0E4F /* SwiftRTApp.swift in Sources */,
			);
			runOnlyForDeploymentPostprocessing = 0;
		};
		A8D87BDF2762A13300DC0E4F /* Sources */ = {
			isa = PBXSourcesBuildPhase;
			buildActionMask = 2147483647;
			files = (
				A8D87BE82762A13300DC0E4F /* SwiftRTTests.swift in Sources */,
			);
			runOnlyForDeploymentPostprocessing = 0;
		};
		A8D87BE92762A13300DC0E4F /* Sources */ = {
			isa = PBXSourcesBuildPhase;
			buildActionMask = 2147483647;
			files = (
				A8D87BF42762A13300DC0E4F /* SwiftRTUITestsLaunchTests.swift in Sources */,
				A8D87BF22762A13300DC0E4F /* SwiftRTUITests.swift in Sources */,
			);
			runOnlyForDeploymentPostprocessing = 0;
		};
/* End PBXSourcesBuildPhase section */

/* Begin PBXTargetDependency section */
		A8D87BE52762A13300DC0E4F /* PBXTargetDependency */ = {
			isa = PBXTargetDependency;
			target = A8D87BD12762A13100DC0E4F /* SwiftRT */;
			targetProxy = A8D87BE42762A13300DC0E4F /* PBXContainerItemProxy */;
		};
		A8D87BEF2762A13300DC0E4F /* PBXTargetDependency */ = {
			isa = PBXTargetDependency;
			target = A8D87BD12762A13100DC0E4F /* SwiftRT */;
			targetProxy = A8D87BEE2762A13300DC0E4F /* PBXContainerItemProxy */;
		};
/* End PBXTargetDependency section */

/* Begin XCBuildConfiguration section */
		A8D87BF52762A13300DC0E4F /* Debug */ = {
			isa = XCBuildConfiguration;
			buildSettings = {
				ALWAYS_SEARCH_USER_PATHS = NO;
				CLANG_ANALYZER_NONNULL = YES;
				CLANG_ANALYZER_NUMBER_OBJECT_CONVERSION = YES_AGGRESSIVE;
				CLANG_CXX_LANGUAGE_STANDARD = "gnu++17";
				CLANG_CXX_LIBRARY = "libc++";
				CLANG_ENABLE_MODULES = YES;
				CLANG_ENABLE_OBJC_ARC = YES;
				CLANG_ENABLE_OBJC_WEAK = YES;
				CLANG_WARN_BLOCK_CAPTURE_AUTORELEASING = YES;
				CLANG_WARN_BOOL_CONVERSION = YES;
				CLANG_WARN_COMMA = YES;
				CLANG_WARN_CONSTANT_CONVERSION = YES;
				CLANG_WARN_DEPRECATED_OBJC_IMPLEMENTATIONS = YES;
				CLANG_WARN_DIRECT_OBJC_ISA_USAGE = YES_ERROR;
				CLANG_WARN_DOCUMENTATION_COMMENTS = YES;
				CLANG_WARN_EMPTY_BODY = YES;
				CLANG_WARN_ENUM_CONVERSION = YES;
				CLANG_WARN_INFINITE_RECURSION = YES;
				CLANG_WARN_INT_CONVERSION = YES;
				CLANG_WARN_NON_LITERAL_NULL_CONVERSION = YES;
				CLANG_WARN_OBJC_IMPLICIT_RETAIN_SELF = YES;
				CLANG_WARN_OBJC_LITERAL_CONVERSION = YES;
				CLANG_WARN_OBJC_ROOT_CLASS = YES_ERROR;
				CLANG_WARN_QUOTED_INCLUDE_IN_FRAMEWORK_HEADER = YES;
				CLANG_WARN_RANGE_LOOP_ANALYSIS = YES;
				CLANG_WARN_STRICT_PROTOTYPES = YES;
				CLANG_WARN_SUSPICIOUS_MOVE = YES;
				CLANG_WARN_UNGUARDED_AVAILABILITY = YES_AGGRESSIVE;
				CLANG_WARN_UNREACHABLE_CODE = YES;
				CLANG_WARN__DUPLICATE_METHOD_MATCH = YES;
				COPY_PHASE_STRIP = NO;
				DEBUG_INFORMATION_FORMAT = dwarf;
				ENABLE_STRICT_OBJC_MSGSEND = YES;
				ENABLE_TESTABILITY = YES;
				GCC_C_LANGUAGE_STANDARD = gnu11;
				GCC_DYNAMIC_NO_PIC = NO;
				GCC_NO_COMMON_BLOCKS = YES;
				GCC_OPTIMIZATION_LEVEL = 0;
				GCC_PREPROCESSOR_DEFINITIONS = (
					"DEBUG=1",
					"$(inherited)",
				);
				GCC_WARN_64_TO_32_BIT_CONVERSION = YES;
				GCC_WARN_ABOUT_RETURN_TYPE = YES_ERROR;
				GCC_WARN_UNDECLARED_SELECTOR = YES;
				GCC_WARN_UNINITIALIZED_AUTOS = YES_AGGRESSIVE;
				GCC_WARN_UNUSED_FUNCTION = YES;
				GCC_WARN_UNUSED_VARIABLE = YES;
				MACOSX_DEPLOYMENT_TARGET = 12.0;
				MTL_ENABLE_DEBUG_INFO = INCLUDE_SOURCE;
				MTL_FAST_MATH = YES;
				ONLY_ACTIVE_ARCH = YES;
				SDKROOT = macosx;
				SWIFT_ACTIVE_COMPILATION_CONDITIONS = DEBUG;
				SWIFT_OPTIMIZATION_LEVEL = "-Onone";
			};
			name = Debug;
		};
		A8D87BF62762A13300DC0E4F /* Release */ = {
			isa = XCBuildConfiguration;
			buildSettings = {
				ALWAYS_SEARCH_USER_PATHS = NO;
				CLANG_ANALYZER_NONNULL = YES;
				CLANG_ANALYZER_NUMBER_OBJECT_CONVERSION = YES_AGGRESSIVE;
				CLANG_CXX_LANGUAGE_STANDARD = "gnu++17";
				CLANG_CXX_LIBRARY = "libc++";
				CLANG_ENABLE_MODULES = YES;
				CLANG_ENABLE_OBJC_ARC = YES;
				CLANG_ENABLE_OBJC_WEAK = YES;
				CLANG_WARN_BLOCK_CAPTURE_AUTORELEASING = YES;
				CLANG_WARN_BOOL_CONVERSION = YES;
				CLANG_WARN_COMMA = YES;
				CLANG_WARN_CONSTANT_CONVERSION = YES;
				CLANG_WARN_DEPRECATED_OBJC_IMPLEMENTATIONS = YES;
				CLANG_WARN_DIRECT_OBJC_ISA_USAGE = YES_ERROR;
				CLANG_WARN_DOCUMENTATION_COMMENTS = YES;
				CLANG_WARN_EMPTY_BODY = YES;
				CLANG_WARN_ENUM_CONVERSION = YES;
				CLANG_WARN_INFINITE_RECURSION = YES;
				CLANG_WARN_INT_CONVERSION = YES;
				CLANG_WARN_NON_LITERAL_NULL_CONVERSION = YES;
				CLANG_WARN_OBJC_IMPLICIT_RETAIN_SELF = YES;
				CLANG_WARN_OBJC_LITERAL_CONVERSION = YES;
				CLANG_WARN_OBJC_ROOT_CLASS = YES_ERROR;
				CLANG_WARN_QUOTED_INCLUDE_IN_FRAMEWORK_HEADER = YES;
				CLANG_WARN_RANGE_LOOP_ANALYSIS = YES;
				CLANG_WARN_STRICT_PROTOTYPES = YES;
				CLANG_WARN_SUSPICIOUS_MOVE = YES;
				CLANG_WARN_UNGUARDED_AVAILABILITY = YES_AGGRESSIVE;
				CLANG_WARN_UNREACHABLE_CODE = YES;
				CLANG_WARN__DUPLICATE_METHOD_MATCH = YES;
				COPY_PHASE_STRIP = NO;
				DEBUG_INFORMATION_FORMAT = "dwarf-with-dsym";
				ENABLE_NS_ASSERTIONS = NO;
				ENABLE_STRICT_OBJC_MSGSEND = YES;
				GCC_C_LANGUAGE_STANDARD = gnu11;
				GCC_NO_COMMON_BLOCKS = YES;
				GCC_WARN_64_TO_32_BIT_CONVERSION = YES;
				GCC_WARN_ABOUT_RETURN_TYPE = YES_ERROR;
				GCC_WARN_UNDECLARED_SELECTOR = YES;
				GCC_WARN_UNINITIALIZED_AUTOS = YES_AGGRESSIVE;
				GCC_WARN_UNUSED_FUNCTION = YES;
				GCC_WARN_UNUSED_VARIABLE = YES;
				MACOSX_DEPLOYMENT_TARGET = 12.0;
				MTL_ENABLE_DEBUG_INFO = NO;
				MTL_FAST_MATH = YES;
				SDKROOT = macosx;
				SWIFT_COMPILATION_MODE = wholemodule;
				SWIFT_OPTIMIZATION_LEVEL = "-O";
			};
			name = Release;
		};
		A8D87BF82762A13300DC0E4F /* Debug */ = {
			isa = XCBuildConfiguration;
			buildSettings = {
				ASSETCATALOG_COMPILER_APPICON_NAME = AppIcon;
				ASSETCATALOG_COMPILER_GLOBAL_ACCENT_COLOR_NAME = AccentColor;
				CODE_SIGN_ENTITLEMENTS = SwiftRT/SwiftRT.entitlements;
				CODE_SIGN_STYLE = Automatic;
				COMBINE_HIDPI_IMAGES = YES;
				CURRENT_PROJECT_VERSION = 1;
				DEVELOPMENT_ASSET_PATHS = "\"SwiftRT/Preview Content\"";
				DEVELOPMENT_TEAM = 623D8773D5;
				ENABLE_HARDENED_RUNTIME = YES;
				ENABLE_PREVIEWS = YES;
				GENERATE_INFOPLIST_FILE = YES;
				INFOPLIST_KEY_NSHumanReadableCopyright = "";
				LD_RUNPATH_SEARCH_PATHS = (
					"$(inherited)",
					"@executable_path/../Frameworks",
				);
				MARKETING_VERSION = 1.0;
				PRODUCT_BUNDLE_IDENTIFIER = com.k3rnl.SwiftRT;
				PRODUCT_NAME = "$(TARGET_NAME)";
				SWIFT_EMIT_LOC_STRINGS = YES;
				SWIFT_VERSION = 5.0;
			};
			name = Debug;
		};
		A8D87BF92762A13300DC0E4F /* Release */ = {
			isa = XCBuildConfiguration;
			buildSettings = {
				ASSETCATALOG_COMPILER_APPICON_NAME = AppIcon;
				ASSETCATALOG_COMPILER_GLOBAL_ACCENT_COLOR_NAME = AccentColor;
				CODE_SIGN_ENTITLEMENTS = SwiftRT/SwiftRT.entitlements;
				CODE_SIGN_STYLE = Automatic;
				COMBINE_HIDPI_IMAGES = YES;
				CURRENT_PROJECT_VERSION = 1;
				DEVELOPMENT_ASSET_PATHS = "\"SwiftRT/Preview Content\"";
				DEVELOPMENT_TEAM = 623D8773D5;
				ENABLE_HARDENED_RUNTIME = YES;
				ENABLE_PREVIEWS = YES;
				GENERATE_INFOPLIST_FILE = YES;
				INFOPLIST_KEY_NSHumanReadableCopyright = "";
				LD_RUNPATH_SEARCH_PATHS = (
					"$(inherited)",
					"@executable_path/../Frameworks",
				);
				MARKETING_VERSION = 1.0;
				PRODUCT_BUNDLE_IDENTIFIER = com.k3rnl.SwiftRT;
				PRODUCT_NAME = "$(TARGET_NAME)";
				SWIFT_EMIT_LOC_STRINGS = YES;
				SWIFT_VERSION = 5.0;
			};
			name = Release;
		};
		A8D87BFB2762A13300DC0E4F /* Debug */ = {
			isa = XCBuildConfiguration;
			buildSettings = {
				ALWAYS_EMBED_SWIFT_STANDARD_LIBRARIES = YES;
				BUNDLE_LOADER = "$(TEST_HOST)";
				CODE_SIGN_STYLE = Automatic;
				COMBINE_HIDPI_IMAGES = YES;
				CURRENT_PROJECT_VERSION = 1;
				DEVELOPMENT_TEAM = 623D8773D5;
				GENERATE_INFOPLIST_FILE = YES;
				LD_RUNPATH_SEARCH_PATHS = (
					"$(inherited)",
					"@executable_path/../Frameworks",
					"@loader_path/../Frameworks",
				);
				MACOSX_DEPLOYMENT_TARGET = 12.0;
				MARKETING_VERSION = 1.0;
				PRODUCT_BUNDLE_IDENTIFIER = com.k3rnl.SwiftRTTests;
				PRODUCT_NAME = "$(TARGET_NAME)";
				SWIFT_EMIT_LOC_STRINGS = NO;
				SWIFT_VERSION = 5.0;
				TEST_HOST = "$(BUILT_PRODUCTS_DIR)/SwiftRT.app/Contents/MacOS/SwiftRT";
			};
			name = Debug;
		};
		A8D87BFC2762A13300DC0E4F /* Release */ = {
			isa = XCBuildConfiguration;
			buildSettings = {
				ALWAYS_EMBED_SWIFT_STANDARD_LIBRARIES = YES;
				BUNDLE_LOADER = "$(TEST_HOST)";
				CODE_SIGN_STYLE = Automatic;
				COMBINE_HIDPI_IMAGES = YES;
				CURRENT_PROJECT_VERSION = 1;
				DEVELOPMENT_TEAM = 623D8773D5;
				GENERATE_INFOPLIST_FILE = YES;
				LD_RUNPATH_SEARCH_PATHS = (
					"$(inherited)",
					"@executable_path/../Frameworks",
					"@loader_path/../Frameworks",
				);
				MACOSX_DEPLOYMENT_TARGET = 12.0;
				MARKETING_VERSION = 1.0;
				PRODUCT_BUNDLE_IDENTIFIER = com.k3rnl.SwiftRTTests;
				PRODUCT_NAME = "$(TARGET_NAME)";
				SWIFT_EMIT_LOC_STRINGS = NO;
				SWIFT_VERSION = 5.0;
				TEST_HOST = "$(BUILT_PRODUCTS_DIR)/SwiftRT.app/Contents/MacOS/SwiftRT";
			};
			name = Release;
		};
		A8D87BFE2762A13300DC0E4F /* Debug */ = {
			isa = XCBuildConfiguration;
			buildSettings = {
				ALWAYS_EMBED_SWIFT_STANDARD_LIBRARIES = YES;
				CODE_SIGN_STYLE = Automatic;
				COMBINE_HIDPI_IMAGES = YES;
				CURRENT_PROJECT_VERSION = 1;
				DEVELOPMENT_TEAM = 623D8773D5;
				GENERATE_INFOPLIST_FILE = YES;
				LD_RUNPATH_SEARCH_PATHS = (
					"$(inherited)",
					"@executable_path/../Frameworks",
					"@loader_path/../Frameworks",
				);
				MARKETING_VERSION = 1.0;
				PRODUCT_BUNDLE_IDENTIFIER = com.k3rnl.SwiftRTUITests;
				PRODUCT_NAME = "$(TARGET_NAME)";
				SWIFT_EMIT_LOC_STRINGS = NO;
				SWIFT_VERSION = 5.0;
				TEST_TARGET_NAME = SwiftRT;
			};
			name = Debug;
		};
		A8D87BFF2762A13300DC0E4F /* Release */ = {
			isa = XCBuildConfiguration;
			buildSettings = {
				ALWAYS_EMBED_SWIFT_STANDARD_LIBRARIES = YES;
				CODE_SIGN_STYLE = Automatic;
				COMBINE_HIDPI_IMAGES = YES;
				CURRENT_PROJECT_VERSION = 1;
				DEVELOPMENT_TEAM = 623D8773D5;
				GENERATE_INFOPLIST_FILE = YES;
				LD_RUNPATH_SEARCH_PATHS = (
					"$(inherited)",
					"@executable_path/../Frameworks",
					"@loader_path/../Frameworks",
				);
				MARKETING_VERSION = 1.0;
				PRODUCT_BUNDLE_IDENTIFIER = com.k3rnl.SwiftRTUITests;
				PRODUCT_NAME = "$(TARGET_NAME)";
				SWIFT_EMIT_LOC_STRINGS = NO;
				SWIFT_VERSION = 5.0;
				TEST_TARGET_NAME = SwiftRT;
			};
			name = Release;
		};
/* End XCBuildConfiguration section */

/* Begin XCConfigurationList section */
		A8D87BCD2762A13100DC0E4F /* Build configuration list for PBXProject "SwiftRT" */ = {
			isa = XCConfigurationList;
			buildConfigurations = (
				A8D87BF52762A13300DC0E4F /* Debug */,
				A8D87BF62762A13300DC0E4F /* Release */,
			);
			defaultConfigurationIsVisible = 0;
			defaultConfigurationName = Release;
		};
		A8D87BF72762A13300DC0E4F /* Build configuration list for PBXNativeTarget "SwiftRT" */ = {
			isa = XCConfigurationList;
			buildConfigurations = (
				A8D87BF82762A13300DC0E4F /* Debug */,
				A8D87BF92762A13300DC0E4F /* Release */,
			);
			defaultConfigurationIsVisible = 0;
			defaultConfigurationName = Release;
		};
		A8D87BFA2762A13300DC0E4F /* Build configuration list for PBXNativeTarget "SwiftRTTests" */ = {
			isa = XCConfigurationList;
			buildConfigurations = (
				A8D87BFB2762A13300DC0E4F /* Debug */,
				A8D87BFC2762A13300DC0E4F /* Release */,
			);
			defaultConfigurationIsVisible = 0;
			defaultConfigurationName = Release;
		};
		A8D87BFD2762A13300DC0E4F /* Build configuration list for PBXNativeTarget "SwiftRTUITests" */ = {
			isa = XCConfigurationList;
			buildConfigurations = (
				A8D87BFE2762A13300DC0E4F /* Debug */,
				A8D87BFF2762A13300DC0E4F /* Release */,
			);
			defaultConfigurationIsVisible = 0;
			defaultConfigurationName = Release;
		};
/* End XCConfigurationList section */
	};
	rootObject = A8D87BCA2762A13100DC0E4F /* Project object */;
}
